
Microsoft Visual Studio Solution File, Format Version 12.00
# Visual Studio 14
VisualStudioVersion = 14.0.25123.0
MinimumVisualStudioVersion = 10.0.40219.1
Project("{FAE04EC0-301F-11D3-BF4B-00C04F79EFBC}") = "ProjectEulerSolutions", "ProjectEulerSolutions\ProjectEulerSolutions.csproj", "{B68D666F-687E-42C7-8FA4-31D9F2F8464B}"
EndProject
Project("{FAE04EC0-301F-11D3-BF4B-00C04F79EFBC}") = "ProjectEulerSolutions.Tests", "ProjectEulerSolutions.Tests\ProjectEulerSolutions.Tests.csproj", "{8F19AFDB-BB9A-4276-A570-A872FFE51DC0}"
EndProject
Project("{FAE04EC0-301F-11D3-BF4B-00C04F79EFBC}") = "AssemblyTest", "AssemblyTest\AssemblyTest.csproj", "{9CA5B491-4CBA-448A-AA45-03C6D599FB5F}"
EndProject
Project("{FAE04EC0-301F-11D3-BF4B-00C04F79EFBC}") = "SolutionsAssembly", "SolutionsAssembly\SolutionsAssembly.csproj", "{D475A00E-F043-4930-80A3-7BC69462A3C5}"
EndProject
Project("{FAE04EC0-301F-11D3-BF4B-00C04F79EFBC}") = "SolutionsAssemblyConsoleTest", "SolutionsAssemblyConsoleTest\SolutionsAssemblyConsoleTest.csproj", "{490496C1-C973-4603-AD1B-DF3AF0555C34}"
EndProject
Global
	GlobalSection(SolutionConfigurationPlatforms) = preSolution
		Debug|Any CPU = Debug|Any CPU
		Release|Any CPU = Release|Any CPU
	EndGlobalSection
	GlobalSection(ProjectConfigurationPlatforms) = postSolution
		{B68D666F-687E-42C7-8FA4-31D9F2F8464B}.Debug|Any CPU.ActiveCfg = Debug|Any CPU
		{B68D666F-687E-42C7-8FA4-31D9F2F8464B}.Debug|Any CPU.Build.0 = Debug|Any CPU
		{B68D666F-687E-42C7-8FA4-31D9F2F8464B}.Release|Any CPU.ActiveCfg = Release|Any CPU
		{B68D666F-687E-42C7-8FA4-31D9F2F8464B}.Release|Any CPU.Build.0 = Release|Any CPU
		{8F19AFDB-BB9A-4276-A570-A872FFE51DC0}.Debug|Any CPU.ActiveCfg = Debug|Any CPU
		{8F19AFDB-BB9A-4276-A570-A872FFE51DC0}.Debug|Any CPU.Build.0 = Debug|Any CPU
		{8F19AFDB-BB9A-4276-A570-A872FFE51DC0}.Release|Any CPU.ActiveCfg = Release|Any CPU
		{8F19AFDB-BB9A-4276-A570-A872FFE51DC0}.Release|Any CPU.Build.0 = Release|Any CPU
		{9CA5B491-4CBA-448A-AA45-03C6D599FB5F}.Debug|Any CPU.ActiveCfg = Debug|Any CPU
		{9CA5B491-4CBA-448A-AA45-03C6D599FB5F}.Debug|Any CPU.Build.0 = Debug|Any CPU
		{9CA5B491-4CBA-448A-AA45-03C6D599FB5F}.Release|Any CPU.ActiveCfg = Release|Any CPU
		{9CA5B491-4CBA-448A-AA45-03C6D599FB5F}.Release|Any CPU.Build.0 = Release|Any CPU
		{D475A00E-F043-4930-80A3-7BC69462A3C5}.Debug|Any CPU.ActiveCfg = Debug|Any CPU
		{D475A00E-F043-4930-80A3-7BC69462A3C5}.Debug|Any CPU.Build.0 = Debug|Any CPU
		{D475A00E-F043-4930-80A3-7BC69462A3C5}.Release|Any CPU.ActiveCfg = Release|Any CPU
		{D475A00E-F043-4930-80A3-7BC69462A3C5}.Release|Any CPU.Build.0 = Release|Any CPU
		{490496C1-C973-4603-AD1B-DF3AF0555C34}.Debug|Any CPU.ActiveCfg = Debug|Any CPU
		{490496C1-C973-4603-AD1B-DF3AF0555C34}.Debug|Any CPU.Build.0 = Debug|Any CPU
		{490496C1-C973-4603-AD1B-DF3AF0555C34}.Release|Any CPU.ActiveCfg = Release|Any CPU
		{490496C1-C973-4603-AD1B-DF3AF0555C34}.Release|Any CPU.Build.0 = Release|Any CPU
	EndGlobalSection
	GlobalSection(SolutionProperties) = preSolution
		HideSolutionNode = FALSE
	EndGlobalSection
EndGlobal
